// !$*UTF8*$!
{
	archiveVersion = 1;
	classes = {
	};
	objectVersion = 56;
	objects = {

/* Begin PBXBuildFile section */
		B1B1F4D72A2F100500591478 /* AppDelegate.swift in Sources */ = {isa = PBXBuildFile; fileRef = B1B1F4D62A2F100500591478 /* AppDelegate.swift */; };
		B1B1F4D92A2F100500591478 /* SceneDelegate.swift in Sources */ = {isa = PBXBuildFile; fileRef = B1B1F4D82A2F100500591478 /* SceneDelegate.swift */; };
		B1B1F4DB2A2F100500591478 /* ViewController.swift in Sources */ = {isa = PBXBuildFile; fileRef = B1B1F4DA2A2F100500591478 /* ViewController.swift */; };
		B1B1F4DE2A2F100500591478 /* Main.storyboard in Resources */ = {isa = PBXBuildFile; fileRef = B1B1F4DC2A2F100500591478 /* Main.storyboard */; };
		B1B1F4E02A2F100800591478 /* Assets.xcassets in Resources */ = {isa = PBXBuildFile; fileRef = B1B1F4DF2A2F100800591478 /* Assets.xcassets */; };
		B1B1F4E32A2F100800591478 /* LaunchScreen.storyboard in Resources */ = {isa = PBXBuildFile; fileRef = B1B1F4E12A2F100800591478 /* LaunchScreen.storyboard */; };
		B1B1F4EE2A2F100900591478 /* MVVMUIKitTests.swift in Sources */ = {isa = PBXBuildFile; fileRef = B1B1F4ED2A2F100900591478 /* MVVMUIKitTests.swift */; };
		B1B1F4F82A2F100900591478 /* MVVMUIKitUITests.swift in Sources */ = {isa = PBXBuildFile; fileRef = B1B1F4F72A2F100900591478 /* MVVMUIKitUITests.swift */; };
		B1B1F4FA2A2F100900591478 /* MVVMUIKitUITestsLaunchTests.swift in Sources */ = {isa = PBXBuildFile; fileRef = B1B1F4F92A2F100900591478 /* MVVMUIKitUITestsLaunchTests.swift */; };
		B1B1F50F2A2F126700591478 /* Constant.swift in Sources */ = {isa = PBXBuildFile; fileRef = B1B1F50E2A2F126700591478 /* Constant.swift */; };
		B1B1F5112A2F12B100591478 /* UIImageViewExtension.swift in Sources */ = {isa = PBXBuildFile; fileRef = B1B1F5102A2F12B100591478 /* UIImageViewExtension.swift */; };
		B1B1F5132A2F12E100591478 /* APIManager.swift in Sources */ = {isa = PBXBuildFile; fileRef = B1B1F5122A2F12E100591478 /* APIManager.swift */; };
		B1B1F5152A2F137500591478 /* EndPointType.swift in Sources */ = {isa = PBXBuildFile; fileRef = B1B1F5142A2F137500591478 /* EndPointType.swift */; };
		B1B1F5172A2F13A300591478 /* ProductEndPoint.swift in Sources */ = {isa = PBXBuildFile; fileRef = B1B1F5162A2F13A300591478 /* ProductEndPoint.swift */; };
		B1B1F51A2A2F14C000591478 /* WithSRP.swift in Sources */ = {isa = PBXBuildFile; fileRef = B1B1F5192A2F14C000591478 /* WithSRP.swift */; };
		B1B1F51C2A2F14FB00591478 /* SRPWithout.swift in Sources */ = {isa = PBXBuildFile; fileRef = B1B1F51B2A2F14FB00591478 /* SRPWithout.swift */; };
		B1B1F5202A2F1C1600591478 /* AddProduct.swift in Sources */ = {isa = PBXBuildFile; fileRef = B1B1F51F2A2F1C1600591478 /* AddProduct.swift */; };
		B1B1F5222A2F1C4300591478 /* Product.swift in Sources */ = {isa = PBXBuildFile; fileRef = B1B1F5212A2F1C4300591478 /* Product.swift */; };
		B1B1F5252A2F1C8500591478 /* ProductViewModel.swift in Sources */ = {isa = PBXBuildFile; fileRef = B1B1F5242A2F1C8500591478 /* ProductViewModel.swift */; };
		B1B1F5292A2F1CED00591478 /* AddProductViewController.swift in Sources */ = {isa = PBXBuildFile; fileRef = B1B1F5282A2F1CED00591478 /* AddProductViewController.swift */; };
		B1B1F52B2A2F1D6A00591478 /* ProductListViewController.swift in Sources */ = {isa = PBXBuildFile; fileRef = B1B1F52A2A2F1D6A00591478 /* ProductListViewController.swift */; };
		B1B1F52E2A2F1DB900591478 /* ProductCell.swift in Sources */ = {isa = PBXBuildFile; fileRef = B1B1F52C2A2F1DB900591478 /* ProductCell.swift */; };
		B1B1F52F2A2F1DB900591478 /* ProductCell.xib in Resources */ = {isa = PBXBuildFile; fileRef = B1B1F52D2A2F1DB900591478 /* ProductCell.xib */; };
/* End PBXBuildFile section */

/* Begin PBXContainerItemProxy section */
		B1B1F4EA2A2F100900591478 /* PBXContainerItemProxy */ = {
			isa = PBXContainerItemProxy;
			containerPortal = B1B1F4CB2A2F100500591478 /* Project object */;
			proxyType = 1;
			remoteGlobalIDString = B1B1F4D22A2F100500591478;
			remoteInfo = MVVMUIKit;
		};
		B1B1F4F42A2F100900591478 /* PBXContainerItemProxy */ = {
			isa = PBXContainerItemProxy;
			containerPortal = B1B1F4CB2A2F100500591478 /* Project object */;
			proxyType = 1;
			remoteGlobalIDString = B1B1F4D22A2F100500591478;
			remoteInfo = MVVMUIKit;
		};
/* End PBXContainerItemProxy section */

/* Begin PBXFileReference section */
		B1B1F4D32A2F100500591478 /* MVVMUIKit.app */ = {isa = PBXFileReference; explicitFileType = wrapper.application; includeInIndex = 0; path = MVVMUIKit.app; sourceTree = BUILT_PRODUCTS_DIR; };
		B1B1F4D62A2F100500591478 /* AppDelegate.swift */ = {isa = PBXFileReference; lastKnownFileType = sourcecode.swift; path = AppDelegate.swift; sourceTree = "<group>"; };
		B1B1F4D82A2F100500591478 /* SceneDelegate.swift */ = {isa = PBXFileReference; lastKnownFileType = sourcecode.swift; path = SceneDelegate.swift; sourceTree = "<group>"; };
		B1B1F4DA2A2F100500591478 /* ViewController.swift */ = {isa = PBXFileReference; lastKnownFileType = sourcecode.swift; path = ViewController.swift; sourceTree = "<group>"; };
		B1B1F4DD2A2F100500591478 /* Base */ = {isa = PBXFileReference; lastKnownFileType = file.storyboard; name = Base; path = Base.lproj/Main.storyboard; sourceTree = "<group>"; };
		B1B1F4DF2A2F100800591478 /* Assets.xcassets */ = {isa = PBXFileReference; lastKnownFileType = folder.assetcatalog; path = Assets.xcassets; sourceTree = "<group>"; };
		B1B1F4E22A2F100800591478 /* Base */ = {isa = PBXFileReference; lastKnownFileType = file.storyboard; name = Base; path = Base.lproj/LaunchScreen.storyboard; sourceTree = "<group>"; };
		B1B1F4E42A2F100800591478 /* Info.plist */ = {isa = PBXFileReference; lastKnownFileType = text.plist.xml; path = Info.plist; sourceTree = "<group>"; };
		B1B1F4E92A2F100900591478 /* MVVMUIKitTests.xctest */ = {isa = PBXFileReference; explicitFileType = wrapper.cfbundle; includeInIndex = 0; path = MVVMUIKitTests.xctest; sourceTree = BUILT_PRODUCTS_DIR; };
		B1B1F4ED2A2F100900591478 /* MVVMUIKitTests.swift */ = {isa = PBXFileReference; lastKnownFileType = sourcecode.swift; path = MVVMUIKitTests.swift; sourceTree = "<group>"; };
		B1B1F4F32A2F100900591478 /* MVVMUIKitUITests.xctest */ = {isa = PBXFileReference; explicitFileType = wrapper.cfbundle; includeInIndex = 0; path = MVVMUIKitUITests.xctest; sourceTree = BUILT_PRODUCTS_DIR; };
		B1B1F4F72A2F100900591478 /* MVVMUIKitUITests.swift */ = {isa = PBXFileReference; lastKnownFileType = sourcecode.swift; path = MVVMUIKitUITests.swift; sourceTree = "<group>"; };
		B1B1F4F92A2F100900591478 /* MVVMUIKitUITestsLaunchTests.swift */ = {isa = PBXFileReference; lastKnownFileType = sourcecode.swift; path = MVVMUIKitUITestsLaunchTests.swift; sourceTree = "<group>"; };
		B1B1F50E2A2F126700591478 /* Constant.swift */ = {isa = PBXFileReference; lastKnownFileType = sourcecode.swift; path = Constant.swift; sourceTree = "<group>"; };
		B1B1F5102A2F12B100591478 /* UIImageViewExtension.swift */ = {isa = PBXFileReference; lastKnownFileType = sourcecode.swift; path = UIImageViewExtension.swift; sourceTree = "<group>"; };
		B1B1F5122A2F12E100591478 /* APIManager.swift */ = {isa = PBXFileReference; lastKnownFileType = sourcecode.swift; path = APIManager.swift; sourceTree = "<group>"; };
		B1B1F5142A2F137500591478 /* EndPointType.swift */ = {isa = PBXFileReference; lastKnownFileType = sourcecode.swift; path = EndPointType.swift; sourceTree = "<group>"; };
		B1B1F5162A2F13A300591478 /* ProductEndPoint.swift */ = {isa = PBXFileReference; lastKnownFileType = sourcecode.swift; path = ProductEndPoint.swift; sourceTree = "<group>"; };
		B1B1F5192A2F14C000591478 /* WithSRP.swift */ = {isa = PBXFileReference; lastKnownFileType = sourcecode.swift; path = WithSRP.swift; sourceTree = "<group>"; };
		B1B1F51B2A2F14FB00591478 /* SRPWithout.swift */ = {isa = PBXFileReference; lastKnownFileType = sourcecode.swift; path = SRPWithout.swift; sourceTree = "<group>"; };
		B1B1F51F2A2F1C1600591478 /* AddProduct.swift */ = {isa = PBXFileReference; lastKnownFileType = sourcecode.swift; path = AddProduct.swift; sourceTree = "<group>"; };
		B1B1F5212A2F1C4300591478 /* Product.swift */ = {isa = PBXFileReference; lastKnownFileType = sourcecode.swift; path = Product.swift; sourceTree = "<group>"; };
		B1B1F5242A2F1C8500591478 /* ProductViewModel.swift */ = {isa = PBXFileReference; lastKnownFileType = sourcecode.swift; path = ProductViewModel.swift; sourceTree = "<group>"; };
		B1B1F5282A2F1CED00591478 /* AddProductViewController.swift */ = {isa = PBXFileReference; lastKnownFileType = sourcecode.swift; path = AddProductViewController.swift; sourceTree = "<group>"; };
		B1B1F52A2A2F1D6A00591478 /* ProductListViewController.swift */ = {isa = PBXFileReference; lastKnownFileType = sourcecode.swift; path = ProductListViewController.swift; sourceTree = "<group>"; };
		B1B1F52C2A2F1DB900591478 /* ProductCell.swift */ = {isa = PBXFileReference; lastKnownFileType = sourcecode.swift; path = ProductCell.swift; sourceTree = "<group>"; };
		B1B1F52D2A2F1DB900591478 /* ProductCell.xib */ = {isa = PBXFileReference; lastKnownFileType = file.xib; path = ProductCell.xib; sourceTree = "<group>"; };
/* End PBXFileReference section */

/* Begin PBXFrameworksBuildPhase section */
		B1B1F4D02A2F100500591478 /* Frameworks */ = {
			isa = PBXFrameworksBuildPhase;
			buildActionMask = 2147483647;
			files = (
			);
			runOnlyForDeploymentPostprocessing = 0;
		};
		B1B1F4E62A2F100900591478 /* Frameworks */ = {
			isa = PBXFrameworksBuildPhase;
			buildActionMask = 2147483647;
			files = (
			);
			runOnlyForDeploymentPostprocessing = 0;
		};
		B1B1F4F02A2F100900591478 /* Frameworks */ = {
			isa = PBXFrameworksBuildPhase;
			buildActionMask = 2147483647;
			files = (
			);
			runOnlyForDeploymentPostprocessing = 0;
		};
/* End PBXFrameworksBuildPhase section */

/* Begin PBXGroup section */
		B1B1F4CA2A2F100500591478 = {
			isa = PBXGroup;
			children = (
				B1B1F4D52A2F100500591478 /* MVVMUIKit */,
				B1B1F4EC2A2F100900591478 /* MVVMUIKitTests */,
				B1B1F4F62A2F100900591478 /* MVVMUIKitUITests */,
				B1B1F4D42A2F100500591478 /* Products */,
			);
			sourceTree = "<group>";
		};
		B1B1F4D42A2F100500591478 /* Products */ = {
			isa = PBXGroup;
			children = (
				B1B1F4D32A2F100500591478 /* MVVMUIKit.app */,
				B1B1F4E92A2F100900591478 /* MVVMUIKitTests.xctest */,
				B1B1F4F32A2F100900591478 /* MVVMUIKitUITests.xctest */,
			);
			name = Products;
			sourceTree = "<group>";
		};
		B1B1F4D52A2F100500591478 /* MVVMUIKit */ = {
			isa = PBXGroup;
			children = (
				B1B1F5182A2F146D00591478 /* Solid principles */,
				B1B1F50D2A2F113E00591478 /* Utilities */,
				B1B1F50C2A2F112F00591478 /* Storyboards */,
				B1B1F50B2A2F111400591478 /* Screens */,
				B1B1F50A2A2F110300591478 /* Resources */,
				B1B1F5092A2F10F600591478 /* Helpers */,
				B1B1F5082A2F10EA00591478 /* Extensions */,
				B1B1F5072A2F10D600591478 /* Constant */,
				B1B1F5062A2F10CA00591478 /* Application */,
				B1B1F4DA2A2F100500591478 /* ViewController.swift */,
				B1B1F4E42A2F100800591478 /* Info.plist */,
			);
			path = MVVMUIKit;
			sourceTree = "<group>";
		};
		B1B1F4EC2A2F100900591478 /* MVVMUIKitTests */ = {
			isa = PBXGroup;
			children = (
				B1B1F4ED2A2F100900591478 /* MVVMUIKitTests.swift */,
			);
			path = MVVMUIKitTests;
			sourceTree = "<group>";
		};
		B1B1F4F62A2F100900591478 /* MVVMUIKitUITests */ = {
			isa = PBXGroup;
			children = (
				B1B1F4F72A2F100900591478 /* MVVMUIKitUITests.swift */,
				B1B1F4F92A2F100900591478 /* MVVMUIKitUITestsLaunchTests.swift */,
			);
			path = MVVMUIKitUITests;
			sourceTree = "<group>";
		};
		B1B1F5062A2F10CA00591478 /* Application */ = {
			isa = PBXGroup;
			children = (
				B1B1F4D62A2F100500591478 /* AppDelegate.swift */,
				B1B1F4D82A2F100500591478 /* SceneDelegate.swift */,
			);
			path = Application;
			sourceTree = "<group>";
		};
		B1B1F5072A2F10D600591478 /* Constant */ = {
			isa = PBXGroup;
			children = (
				B1B1F50E2A2F126700591478 /* Constant.swift */,
			);
			path = Constant;
			sourceTree = "<group>";
		};
		B1B1F5082A2F10EA00591478 /* Extensions */ = {
			isa = PBXGroup;
			children = (
				B1B1F5102A2F12B100591478 /* UIImageViewExtension.swift */,
			);
			path = Extensions;
			sourceTree = "<group>";
		};
		B1B1F5092A2F10F600591478 /* Helpers */ = {
			isa = PBXGroup;
			children = (
				B1B1F5122A2F12E100591478 /* APIManager.swift */,
			);
			path = Helpers;
			sourceTree = "<group>";
		};
		B1B1F50A2A2F110300591478 /* Resources */ = {
			isa = PBXGroup;
			children = (
				B1B1F4DF2A2F100800591478 /* Assets.xcassets */,
			);
			path = Resources;
			sourceTree = "<group>";
		};
		B1B1F50B2A2F111400591478 /* Screens */ = {
			isa = PBXGroup;
			children = (
				B1B1F51D2A2F1BF200591478 /* Products */,
			);
			path = Screens;
			sourceTree = "<group>";
		};
		B1B1F50C2A2F112F00591478 /* Storyboards */ = {
			isa = PBXGroup;
			children = (
				B1B1F4DC2A2F100500591478 /* Main.storyboard */,
				B1B1F4E12A2F100800591478 /* LaunchScreen.storyboard */,
			);
			path = Storyboards;
			sourceTree = "<group>";
		};
		B1B1F50D2A2F113E00591478 /* Utilities */ = {
			isa = PBXGroup;
			children = (
				B1B1F5142A2F137500591478 /* EndPointType.swift */,
				B1B1F5162A2F13A300591478 /* ProductEndPoint.swift */,
			);
			path = Utilities;
			sourceTree = "<group>";
		};
		B1B1F5182A2F146D00591478 /* Solid principles */ = {
			isa = PBXGroup;
			children = (
				B1B1F5192A2F14C000591478 /* WithSRP.swift */,
				B1B1F51B2A2F14FB00591478 /* SRPWithout.swift */,
			);
			path = "Solid principles";
			sourceTree = "<group>";
		};
		B1B1F51D2A2F1BF200591478 /* Products */ = {
			isa = PBXGroup;
			children = (
				B1B1F5262A2F1CC400591478 /* Views */,
				B1B1F5232A2F1C7200591478 /* ViewModel */,
				B1B1F51E2A2F1C0500591478 /* Model */,
			);
			path = Products;
			sourceTree = "<group>";
		};
		B1B1F51E2A2F1C0500591478 /* Model */ = {
			isa = PBXGroup;
			children = (
				B1B1F51F2A2F1C1600591478 /* AddProduct.swift */,
				B1B1F5212A2F1C4300591478 /* Product.swift */,
			);
			path = Model;
			sourceTree = "<group>";
		};
		B1B1F5232A2F1C7200591478 /* ViewModel */ = {
			isa = PBXGroup;
			children = (
				B1B1F5242A2F1C8500591478 /* ProductViewModel.swift */,
			);
			path = ViewModel;
			sourceTree = "<group>";
		};
		B1B1F5262A2F1CC400591478 /* Views */ = {
			isa = PBXGroup;
			children = (
				B1B1F5272A2F1CCE00591478 /* Controllers */,
				B1B1F52C2A2F1DB900591478 /* ProductCell.swift */,
				B1B1F52D2A2F1DB900591478 /* ProductCell.xib */,
			);
			path = Views;
			sourceTree = "<group>";
		};
		B1B1F5272A2F1CCE00591478 /* Controllers */ = {
			isa = PBXGroup;
			children = (
				B1B1F5282A2F1CED00591478 /* AddProductViewController.swift */,
				B1B1F52A2A2F1D6A00591478 /* ProductListViewController.swift */,
			);
			path = Controllers;
			sourceTree = "<group>";
		};
/* End PBXGroup section */

/* Begin PBXNativeTarget section */
		B1B1F4D22A2F100500591478 /* MVVMUIKit */ = {
			isa = PBXNativeTarget;
			buildConfigurationList = B1B1F4FD2A2F100900591478 /* Build configuration list for PBXNativeTarget "MVVMUIKit" */;
			buildPhases = (
				B1B1F4CF2A2F100500591478 /* Sources */,
				B1B1F4D02A2F100500591478 /* Frameworks */,
				B1B1F4D12A2F100500591478 /* Resources */,
			);
			buildRules = (
			);
			dependencies = (
			);
			name = MVVMUIKit;
			productName = MVVMUIKit;
			productReference = B1B1F4D32A2F100500591478 /* MVVMUIKit.app */;
			productType = "com.apple.product-type.application";
		};
		B1B1F4E82A2F100900591478 /* MVVMUIKitTests */ = {
			isa = PBXNativeTarget;
			buildConfigurationList = B1B1F5002A2F100900591478 /* Build configuration list for PBXNativeTarget "MVVMUIKitTests" */;
			buildPhases = (
				B1B1F4E52A2F100900591478 /* Sources */,
				B1B1F4E62A2F100900591478 /* Frameworks */,
				B1B1F4E72A2F100900591478 /* Resources */,
			);
			buildRules = (
			);
			dependencies = (
				B1B1F4EB2A2F100900591478 /* PBXTargetDependency */,
			);
			name = MVVMUIKitTests;
			productName = MVVMUIKitTests;
			productReference = B1B1F4E92A2F100900591478 /* MVVMUIKitTests.xctest */;
			productType = "com.apple.product-type.bundle.unit-test";
		};
		B1B1F4F22A2F100900591478 /* MVVMUIKitUITests */ = {
			isa = PBXNativeTarget;
			buildConfigurationList = B1B1F5032A2F100900591478 /* Build configuration list for PBXNativeTarget "MVVMUIKitUITests" */;
			buildPhases = (
				B1B1F4EF2A2F100900591478 /* Sources */,
				B1B1F4F02A2F100900591478 /* Frameworks */,
				B1B1F4F12A2F100900591478 /* Resources */,
			);
			buildRules = (
			);
			dependencies = (
				B1B1F4F52A2F100900591478 /* PBXTargetDependency */,
			);
			name = MVVMUIKitUITests;
			productName = MVVMUIKitUITests;
			productReference = B1B1F4F32A2F100900591478 /* MVVMUIKitUITests.xctest */;
			productType = "com.apple.product-type.bundle.ui-testing";
		};
/* End PBXNativeTarget section */

/* Begin PBXProject section */
		B1B1F4CB2A2F100500591478 /* Project object */ = {
			isa = PBXProject;
			attributes = {
				BuildIndependentTargetsInParallel = 1;
				LastSwiftUpdateCheck = 1420;
				LastUpgradeCheck = 1420;
				TargetAttributes = {
					B1B1F4D22A2F100500591478 = {
						CreatedOnToolsVersion = 14.2;
					};
					B1B1F4E82A2F100900591478 = {
						CreatedOnToolsVersion = 14.2;
						TestTargetID = B1B1F4D22A2F100500591478;
					};
					B1B1F4F22A2F100900591478 = {
						CreatedOnToolsVersion = 14.2;
						TestTargetID = B1B1F4D22A2F100500591478;
					};
				};
			};
			buildConfigurationList = B1B1F4CE2A2F100500591478 /* Build configuration list for PBXProject "MVVMUIKit" */;
			compatibilityVersion = "Xcode 14.0";
			developmentRegion = en;
			hasScannedForEncodings = 0;
			knownRegions = (
				en,
				Base,
			);
			mainGroup = B1B1F4CA2A2F100500591478;
			productRefGroup = B1B1F4D42A2F100500591478 /* Products */;
			projectDirPath = "";
			projectRoot = "";
			targets = (
				B1B1F4D22A2F100500591478 /* MVVMUIKit */,
				B1B1F4E82A2F100900591478 /* MVVMUIKitTests */,
				B1B1F4F22A2F100900591478 /* MVVMUIKitUITests */,
			);
		};
/* End PBXProject section */

/* Begin PBXResourcesBuildPhase section */
		B1B1F4D12A2F100500591478 /* Resources */ = {
			isa = PBXResourcesBuildPhase;
			buildActionMask = 2147483647;
			files = (
				B1B1F4E32A2F100800591478 /* LaunchScreen.storyboard in Resources */,
				B1B1F52F2A2F1DB900591478 /* ProductCell.xib in Resources */,
				B1B1F4E02A2F100800591478 /* Assets.xcassets in Resources */,
				B1B1F4DE2A2F100500591478 /* Main.storyboard in Resources */,
			);
			runOnlyForDeploymentPostprocessing = 0;
		};
		B1B1F4E72A2F100900591478 /* Resources */ = {
			isa = PBXResourcesBuildPhase;
			buildActionMask = 2147483647;
			files = (
			);
			runOnlyForDeploymentPostprocessing = 0;
		};
		B1B1F4F12A2F100900591478 /* Resources */ = {
			isa = PBXResourcesBuildPhase;
			buildActionMask = 2147483647;
			files = (
			);
			runOnlyForDeploymentPostprocessing = 0;
		};
/* End PBXResourcesBuildPhase section */

/* Begin PBXSourcesBuildPhase section */
		B1B1F4CF2A2F100500591478 /* Sources */ = {
			isa = PBXSourcesBuildPhase;
			buildActionMask = 2147483647;
			files = (
				B1B1F51C2A2F14FB00591478 /* SRPWithout.swift in Sources */,
				B1B1F5132A2F12E100591478 /* APIManager.swift in Sources */,
				B1B1F5112A2F12B100591478 /* UIImageViewExtension.swift in Sources */,
				B1B1F5172A2F13A300591478 /* ProductEndPoint.swift in Sources */,
				B1B1F51A2A2F14C000591478 /* WithSRP.swift in Sources */,
				B1B1F5252A2F1C8500591478 /* ProductViewModel.swift in Sources */,
				B1B1F5222A2F1C4300591478 /* Product.swift in Sources */,
				B1B1F52B2A2F1D6A00591478 /* ProductListViewController.swift in Sources */,
				B1B1F4DB2A2F100500591478 /* ViewController.swift in Sources */,
				B1B1F5292A2F1CED00591478 /* AddProductViewController.swift in Sources */,
				B1B1F4D72A2F100500591478 /* AppDelegate.swift in Sources */,
				B1B1F4D92A2F100500591478 /* SceneDelegate.swift in Sources */,
				B1B1F5202A2F1C1600591478 /* AddProduct.swift in Sources */,
				B1B1F52E2A2F1DB900591478 /* ProductCell.swift in Sources */,
				B1B1F50F2A2F126700591478 /* Constant.swift in Sources */,
				B1B1F5152A2F137500591478 /* EndPointType.swift in Sources */,
			);
			runOnlyForDeploymentPostprocessing = 0;
		};
		B1B1F4E52A2F100900591478 /* Sources */ = {
			isa = PBXSourcesBuildPhase;
			buildActionMask = 2147483647;
			files = (
				B1B1F4EE2A2F100900591478 /* MVVMUIKitTests.swift in Sources */,
			);
			runOnlyForDeploymentPostprocessing = 0;
		};
		B1B1F4EF2A2F100900591478 /* Sources */ = {
			isa = PBXSourcesBuildPhase;
			buildActionMask = 2147483647;
			files = (
				B1B1F4F82A2F100900591478 /* MVVMUIKitUITests.swift in Sources */,
				B1B1F4FA2A2F100900591478 /* MVVMUIKitUITestsLaunchTests.swift in Sources */,
			);
			runOnlyForDeploymentPostprocessing = 0;
		};
/* End PBXSourcesBuildPhase section */

/* Begin PBXTargetDependency section */
		B1B1F4EB2A2F100900591478 /* PBXTargetDependency */ = {
			isa = PBXTargetDependency;
			target = B1B1F4D22A2F100500591478 /* MVVMUIKit */;
			targetProxy = B1B1F4EA2A2F100900591478 /* PBXContainerItemProxy */;
		};
		B1B1F4F52A2F100900591478 /* PBXTargetDependency */ = {
			isa = PBXTargetDependency;
			target = B1B1F4D22A2F100500591478 /* MVVMUIKit */;
			targetProxy = B1B1F4F42A2F100900591478 /* PBXContainerItemProxy */;
		};
/* End PBXTargetDependency section */

/* Begin PBXVariantGroup section */
		B1B1F4DC2A2F100500591478 /* Main.storyboard */ = {
			isa = PBXVariantGroup;
			children = (
				B1B1F4DD2A2F100500591478 /* Base */,
			);
			name = Main.storyboard;
			sourceTree = "<group>";
		};
		B1B1F4E12A2F100800591478 /* LaunchScreen.storyboard */ = {
			isa = PBXVariantGroup;
			children = (
				B1B1F4E22A2F100800591478 /* Base */,
			);
			name = LaunchScreen.storyboard;
			sourceTree = "<group>";
		};
/* End PBXVariantGroup section */

/* Begin XCBuildConfiguration section */
		B1B1F4FB2A2F100900591478 /* Debug */ = {
			isa = XCBuildConfiguration;
			buildSettings = {
				ALWAYS_SEARCH_USER_PATHS = NO;
				CLANG_ANALYZER_NONNULL = YES;
				CLANG_ANALYZER_NUMBER_OBJECT_CONVERSION = YES_AGGRESSIVE;
				CLANG_CXX_LANGUAGE_STANDARD = "gnu++20";
				CLANG_ENABLE_MODULES = YES;
				CLANG_ENABLE_OBJC_ARC = YES;
				CLANG_ENABLE_OBJC_WEAK = YES;
				CLANG_WARN_BLOCK_CAPTURE_AUTORELEASING = YES;
				CLANG_WARN_BOOL_CONVERSION = YES;
				CLANG_WARN_COMMA = YES;
				CLANG_WARN_CONSTANT_CONVERSION = YES;
				CLANG_WARN_DEPRECATED_OBJC_IMPLEMENTATIONS = YES;
				CLANG_WARN_DIRECT_OBJC_ISA_USAGE = YES_ERROR;
				CLANG_WARN_DOCUMENTATION_COMMENTS = YES;
				CLANG_WARN_EMPTY_BODY = YES;
				CLANG_WARN_ENUM_CONVERSION = YES;
				CLANG_WARN_INFINITE_RECURSION = YES;
				CLANG_WARN_INT_CONVERSION = YES;
				CLANG_WARN_NON_LITERAL_NULL_CONVERSION = YES;
				CLANG_WARN_OBJC_IMPLICIT_RETAIN_SELF = YES;
				CLANG_WARN_OBJC_LITERAL_CONVERSION = YES;
				CLANG_WARN_OBJC_ROOT_CLASS = YES_ERROR;
				CLANG_WARN_QUOTED_INCLUDE_IN_FRAMEWORK_HEADER = YES;
				CLANG_WARN_RANGE_LOOP_ANALYSIS = YES;
				CLANG_WARN_STRICT_PROTOTYPES = YES;
				CLANG_WARN_SUSPICIOUS_MOVE = YES;
				CLANG_WARN_UNGUARDED_AVAILABILITY = YES_AGGRESSIVE;
				CLANG_WARN_UNREACHABLE_CODE = YES;
				CLANG_WARN__DUPLICATE_METHOD_MATCH = YES;
				COPY_PHASE_STRIP = NO;
				DEBUG_INFORMATION_FORMAT = dwarf;
				ENABLE_STRICT_OBJC_MSGSEND = YES;
				ENABLE_TESTABILITY = YES;
				GCC_C_LANGUAGE_STANDARD = gnu11;
				GCC_DYNAMIC_NO_PIC = NO;
				GCC_NO_COMMON_BLOCKS = YES;
				GCC_OPTIMIZATION_LEVEL = 0;
				GCC_PREPROCESSOR_DEFINITIONS = (
					"DEBUG=1",
					"$(inherited)",
				);
				GCC_WARN_64_TO_32_BIT_CONVERSION = YES;
				GCC_WARN_ABOUT_RETURN_TYPE = YES_ERROR;
				GCC_WARN_UNDECLARED_SELECTOR = YES;
				GCC_WARN_UNINITIALIZED_AUTOS = YES_AGGRESSIVE;
				GCC_WARN_UNUSED_FUNCTION = YES;
				GCC_WARN_UNUSED_VARIABLE = YES;
				IPHONEOS_DEPLOYMENT_TARGET = 16.2;
				MTL_ENABLE_DEBUG_INFO = INCLUDE_SOURCE;
				MTL_FAST_MATH = YES;
				ONLY_ACTIVE_ARCH = YES;
				SDKROOT = iphoneos;
				SWIFT_ACTIVE_COMPILATION_CONDITIONS = DEBUG;
				SWIFT_OPTIMIZATION_LEVEL = "-Onone";
			};
			name = Debug;
		};
		B1B1F4FC2A2F100900591478 /* Release */ = {
			isa = XCBuildConfiguration;
			buildSettings = {
				ALWAYS_SEARCH_USER_PATHS = NO;
				CLANG_ANALYZER_NONNULL = YES;
				CLANG_ANALYZER_NUMBER_OBJECT_CONVERSION = YES_AGGRESSIVE;
				CLANG_CXX_LANGUAGE_STANDARD = "gnu++20";
				CLANG_ENABLE_MODULES = YES;
				CLANG_ENABLE_OBJC_ARC = YES;
				CLANG_ENABLE_OBJC_WEAK = YES;
				CLANG_WARN_BLOCK_CAPTURE_AUTORELEASING = YES;
				CLANG_WARN_BOOL_CONVERSION = YES;
				CLANG_WARN_COMMA = YES;
				CLANG_WARN_CONSTANT_CONVERSION = YES;
				CLANG_WARN_DEPRECATED_OBJC_IMPLEMENTATIONS = YES;
				CLANG_WARN_DIRECT_OBJC_ISA_USAGE = YES_ERROR;
				CLANG_WARN_DOCUMENTATION_COMMENTS = YES;
				CLANG_WARN_EMPTY_BODY = YES;
				CLANG_WARN_ENUM_CONVERSION = YES;
				CLANG_WARN_INFINITE_RECURSION = YES;
				CLANG_WARN_INT_CONVERSION = YES;
				CLANG_WARN_NON_LITERAL_NULL_CONVERSION = YES;
				CLANG_WARN_OBJC_IMPLICIT_RETAIN_SELF = YES;
				CLANG_WARN_OBJC_LITERAL_CONVERSION = YES;
				CLANG_WARN_OBJC_ROOT_CLASS = YES_ERROR;
				CLANG_WARN_QUOTED_INCLUDE_IN_FRAMEWORK_HEADER = YES;
				CLANG_WARN_RANGE_LOOP_ANALYSIS = YES;
				CLANG_WARN_STRICT_PROTOTYPES = YES;
				CLANG_WARN_SUSPICIOUS_MOVE = YES;
				CLANG_WARN_UNGUARDED_AVAILABILITY = YES_AGGRESSIVE;
				CLANG_WARN_UNREACHABLE_CODE = YES;
				CLANG_WARN__DUPLICATE_METHOD_MATCH = YES;
				COPY_PHASE_STRIP = NO;
				DEBUG_INFORMATION_FORMAT = "dwarf-with-dsym";
				ENABLE_NS_ASSERTIONS = NO;
				ENABLE_STRICT_OBJC_MSGSEND = YES;
				GCC_C_LANGUAGE_STANDARD = gnu11;
				GCC_NO_COMMON_BLOCKS = YES;
				GCC_WARN_64_TO_32_BIT_CONVERSION = YES;
				GCC_WARN_ABOUT_RETURN_TYPE = YES_ERROR;
				GCC_WARN_UNDECLARED_SELECTOR = YES;
				GCC_WARN_UNINITIALIZED_AUTOS = YES_AGGRESSIVE;
				GCC_WARN_UNUSED_FUNCTION = YES;
				GCC_WARN_UNUSED_VARIABLE = YES;
				IPHONEOS_DEPLOYMENT_TARGET = 16.2;
				MTL_ENABLE_DEBUG_INFO = NO;
				MTL_FAST_MATH = YES;
				SDKROOT = iphoneos;
				SWIFT_COMPILATION_MODE = wholemodule;
				SWIFT_OPTIMIZATION_LEVEL = "-O";
				VALIDATE_PRODUCT = YES;
			};
			name = Release;
		};
		B1B1F4FE2A2F100900591478 /* Debug */ = {
			isa = XCBuildConfiguration;
			buildSettings = {
				ASSETCATALOG_COMPILER_APPICON_NAME = AppIcon;
				ASSETCATALOG_COMPILER_GLOBAL_ACCENT_COLOR_NAME = AccentColor;
				CODE_SIGN_STYLE = Automatic;
				CURRENT_PROJECT_VERSION = 1;
				DEVELOPMENT_TEAM = RPD5SKQZ8T;
				GENERATE_INFOPLIST_FILE = YES;
				INFOPLIST_FILE = MVVMUIKit/Info.plist;
				INFOPLIST_KEY_UIApplicationSupportsIndirectInputEvents = YES;
				INFOPLIST_KEY_UILaunchStoryboardName = LaunchScreen;
				INFOPLIST_KEY_UIMainStoryboardFile = Main;
				INFOPLIST_KEY_UISupportedInterfaceOrientations_iPad = "UIInterfaceOrientationPortrait UIInterfaceOrientationPortraitUpsideDown UIInterfaceOrientationLandscapeLeft UIInterfaceOrientationLandscapeRight";
				INFOPLIST_KEY_UISupportedInterfaceOrientations_iPhone = "UIInterfaceOrientationPortrait UIInterfaceOrientationLandscapeLeft UIInterfaceOrientationLandscapeRight";
				LD_RUNPATH_SEARCH_PATHS = (
					"$(inherited)",
					"@executable_path/Frameworks",
				);
				MARKETING_VERSION = 1.0;
				PRODUCT_BUNDLE_IDENTIFIER = com.rafiulhasan.MVVMUIKit;
				PRODUCT_NAME = "$(TARGET_NAME)";
				SWIFT_EMIT_LOC_STRINGS = YES;
				SWIFT_VERSION = 5.0;
				TARGETED_DEVICE_FAMILY = "1,2";
			};
			name = Debug;
		};
		B1B1F4FF2A2F100900591478 /* Release */ = {
			isa = XCBuildConfiguration;
			buildSettings = {
				ASSETCATALOG_COMPILER_APPICON_NAME = AppIcon;
				ASSETCATALOG_COMPILER_GLOBAL_ACCENT_COLOR_NAME = AccentColor;
				CODE_SIGN_STYLE = Automatic;
				CURRENT_PROJECT_VERSION = 1;
				DEVELOPMENT_TEAM = RPD5SKQZ8T;
				GENERATE_INFOPLIST_FILE = YES;
				INFOPLIST_FILE = MVVMUIKit/Info.plist;
				INFOPLIST_KEY_UIApplicationSupportsIndirectInputEvents = YES;
				INFOPLIST_KEY_UILaunchStoryboardName = LaunchScreen;
				INFOPLIST_KEY_UIMainStoryboardFile = Main;
				INFOPLIST_KEY_UISupportedInterfaceOrientations_iPad = "UIInterfaceOrientationPortrait UIInterfaceOrientationPortraitUpsideDown UIInterfaceOrientationLandscapeLeft UIInterfaceOrientationLandscapeRight";
				INFOPLIST_KEY_UISupportedInterfaceOrientations_iPhone = "UIInterfaceOrientationPortrait UIInterfaceOrientationLandscapeLeft UIInterfaceOrientationLandscapeRight";
				LD_RUNPATH_SEARCH_PATHS = (
					"$(inherited)",
					"@executable_path/Frameworks",
				);
				MARKETING_VERSION = 1.0;
				PRODUCT_BUNDLE_IDENTIFIER = com.rafiulhasan.MVVMUIKit;
				PRODUCT_NAME = "$(TARGET_NAME)";
				SWIFT_EMIT_LOC_STRINGS = YES;
				SWIFT_VERSION = 5.0;
				TARGETED_DEVICE_FAMILY = "1,2";
			};
			name = Release;
		};
		B1B1F5012A2F100900591478 /* Debug */ = {
			isa = XCBuildConfiguration;
			buildSettings = {
				ALWAYS_EMBED_SWIFT_STANDARD_LIBRARIES = YES;
				BUNDLE_LOADER = "$(TEST_HOST)";
				CODE_SIGN_STYLE = Automatic;
				CURRENT_PROJECT_VERSION = 1;
				DEVELOPMENT_TEAM = RPD5SKQZ8T;
				GENERATE_INFOPLIST_FILE = YES;
				IPHONEOS_DEPLOYMENT_TARGET = 16.2;
				MARKETING_VERSION = 1.0;
				PRODUCT_BUNDLE_IDENTIFIER = com.rafiulhasan.MVVMUIKitTests;
				PRODUCT_NAME = "$(TARGET_NAME)";
				SWIFT_EMIT_LOC_STRINGS = NO;
				SWIFT_VERSION = 5.0;
				TARGETED_DEVICE_FAMILY = "1,2";
				TEST_HOST = "$(BUILT_PRODUCTS_DIR)/MVVMUIKit.app/$(BUNDLE_EXECUTABLE_FOLDER_PATH)/MVVMUIKit";
			};
			name = Debug;
		};
		B1B1F5022A2F100900591478 /* Release */ = {
			isa = XCBuildConfiguration;
			buildSettings = {
				ALWAYS_EMBED_SWIFT_STANDARD_LIBRARIES = YES;
				BUNDLE_LOADER = "$(TEST_HOST)";
				CODE_SIGN_STYLE = Automatic;
				CURRENT_PROJECT_VERSION = 1;
				DEVELOPMENT_TEAM = RPD5SKQZ8T;
				GENERATE_INFOPLIST_FILE = YES;
				IPHONEOS_DEPLOYMENT_TARGET = 16.2;
				MARKETING_VERSION = 1.0;
				PRODUCT_BUNDLE_IDENTIFIER = com.rafiulhasan.MVVMUIKitTests;
				PRODUCT_NAME = "$(TARGET_NAME)";
				SWIFT_EMIT_LOC_STRINGS = NO;
				SWIFT_VERSION = 5.0;
				TARGETED_DEVICE_FAMILY = "1,2";
				TEST_HOST = "$(BUILT_PRODUCTS_DIR)/MVVMUIKit.app/$(BUNDLE_EXECUTABLE_FOLDER_PATH)/MVVMUIKit";
			};
			name = Release;
		};
		B1B1F5042A2F100900591478 /* Debug */ = {
			isa = XCBuildConfiguration;
			buildSettings = {
				ALWAYS_EMBED_SWIFT_STANDARD_LIBRARIES = YES;
				CODE_SIGN_STYLE = Automatic;
				CURRENT_PROJECT_VERSION = 1;
				DEVELOPMENT_TEAM = RPD5SKQZ8T;
				GENERATE_INFOPLIST_FILE = YES;
				MARKETING_VERSION = 1.0;
				PRODUCT_BUNDLE_IDENTIFIER = com.rafiulhasan.MVVMUIKitUITests;
				PRODUCT_NAME = "$(TARGET_NAME)";
				SWIFT_EMIT_LOC_STRINGS = NO;
				SWIFT_VERSION = 5.0;
				TARGETED_DEVICE_FAMILY = "1,2";
				TEST_TARGET_NAME = MVVMUIKit;
			};
			name = Debug;
		};
		B1B1F5052A2F100900591478 /* Release */ = {
			isa = XCBuildConfiguration;
			buildSettings = {
				ALWAYS_EMBED_SWIFT_STANDARD_LIBRARIES = YES;
				CODE_SIGN_STYLE = Automatic;
				CURRENT_PROJECT_VERSION = 1;
				DEVELOPMENT_TEAM = RPD5SKQZ8T;
				GENERATE_INFOPLIST_FILE = YES;
				MARKETING_VERSION = 1.0;
				PRODUCT_BUNDLE_IDENTIFIER = com.rafiulhasan.MVVMUIKitUITests;
				PRODUCT_NAME = "$(TARGET_NAME)";
				SWIFT_EMIT_LOC_STRINGS = NO;
				SWIFT_VERSION = 5.0;
				TARGETED_DEVICE_FAMILY = "1,2";
				TEST_TARGET_NAME = MVVMUIKit;
			};
			name = Release;
		};
/* End XCBuildConfiguration section */

/* Begin XCConfigurationList section */
		B1B1F4CE2A2F100500591478 /* Build configuration list for PBXProject "MVVMUIKit" */ = {
			isa = XCConfigurationList;
			buildConfigurations = (
				B1B1F4FB2A2F100900591478 /* Debug */,
				B1B1F4FC2A2F100900591478 /* Release */,
			);
			defaultConfigurationIsVisible = 0;
			defaultConfigurationName = Release;
		};
		B1B1F4FD2A2F100900591478 /* Build configuration list for PBXNativeTarget "MVVMUIKit" */ = {
			isa = XCConfigurationList;
			buildConfigurations = (
				B1B1F4FE2A2F100900591478 /* Debug */,
				B1B1F4FF2A2F100900591478 /* Release */,
			);
			defaultConfigurationIsVisible = 0;
			defaultConfigurationName = Release;
		};
		B1B1F5002A2F100900591478 /* Build configuration list for PBXNativeTarget "MVVMUIKitTests" */ = {
			isa = XCConfigurationList;
			buildConfigurations = (
				B1B1F5012A2F100900591478 /* Debug */,
				B1B1F5022A2F100900591478 /* Release */,
			);
			defaultConfigurationIsVisible = 0;
			defaultConfigurationName = Release;
		};
		B1B1F5032A2F100900591478 /* Build configuration list for PBXNativeTarget "MVVMUIKitUITests" */ = {
			isa = XCConfigurationList;
			buildConfigurations = (
				B1B1F5042A2F100900591478 /* Debug */,
				B1B1F5052A2F100900591478 /* Release */,
			);
			defaultConfigurationIsVisible = 0;
			defaultConfigurationName = Release;
		};
/* End XCConfigurationList section */
	};
	rootObject = B1B1F4CB2A2F100500591478 /* Project object */;
}
